{
  "lockfile_version": "1",
  "packages": {
    "bun@latest": {
      "last_modified": "2026-04-07T01:34:01Z",
      "resolved": "github:NixOS/nixpkgs/dc72a9d2282085d97d5a2cc8e7103a68ed4de188#bun",
      "source": "devbox-search",
      "version": "1.3.11",
      "systems": {
        "aarch64-darwin": {
          "outputs": [
            {
              "name": "out",
              "path": "/nix/store/4ry96w6s7jql71336lfm31m7fwn3ri2d-bun-1.3.11",
              "default": true
            }
          ],
          "store_path": "/nix/store/4ry96w6s7jql71336lfm31m7fwn3ri2d-bun-1.3.11"
        },
        "aarch64-linux": {
          "outputs": [
            {
              "name": "out",
              "path": "/nix/store/n24wmwy3slpa1z9d5x6hyw9s2r41xjxm-bun-1.3.11",
              "default": true
            }
          ],
          "store_path": "/nix/store/n24wmwy3slpa1z9d5x6hyw9s2r41xjxm-bun-1.3.11"
        },
        "x86_64-darwin": {
          "outputs": [
            {
              "name": "out",
              "path": "/nix/store/582vfzcrgff132nbx86qbp8l3wfw7hr2-bun-1.3.11",
              "default": true
            }
          ],
          "store_path": "/nix/store/582vfzcrgff132nbx86qbp8l3wfw7hr2-bun-1.3.11"
        },
        "x86_64-linux": {
          "outputs": [
            {
              "name": "out",
              "path": "/nix/store/4b7jvqsqywnsb273svingfmpqschkszi-bun-1.3.11",
              "default": true
            }
          ],
          "store_path": "/nix/store/4b7jvqsqywnsb273svingfmpqschkszi-bun-1.3.11"
        }
      }
    },
    "github:NixOS/nixpkgs/nixpkgs-unstable": {
      "last_modified": "2026-04-16T08:46:55Z",
      "resolved": "github:NixOS/nixpkgs/b86751bc4085f48661017fa226dee99fab6c651b?lastModified=1776329215&narHash=sha256-a8BYi3mzoJ%2FAcJP8UldOx8emoPRLeWqALZWu4ZvjPXw%3D"
    },
    "opencode@latest": {
      "last_modified": "2026-04-10T12:25:30Z",
      "resolved": "github:NixOS/nixpkgs/8c11f88bb9573a10a7d6bf87161ef08455ac70b9#opencode",
      "source": "devbox-search",
      "version": "1.4.3",
      "systems": {
        "aarch64-darwin": {
          "outputs": [
            {
              "name": "out",
              "path": "/nix/store/db2byp3r922756vkq5zc1b1arzyp02gy-opencode-1.4.3",
              "default": true
            }
          ],
          "store_path": "/nix/store/db2byp3r922756vkq5zc1b1arzyp02gy-opencode-1.4.3"
        },
        "aarch64-linux": {
          "outputs": [
            {
              "name": "out",
              "path": "/nix/store/5ih3ps7rjbbbyswjjsl56v05h4lyscdq-opencode-1.4.3",
              "default": true
            }
          ],
          "store_path": "/nix/store/5ih3ps7rjbbbyswjjsl56v05h4lyscdq-opencode-1.4.3"
        },
        "x86_64-linux": {
          "outputs": [
            {
              "name": "out",
              "path": "/nix/store/fk6j6yx65l1v91wb3ks5dqldabl74cp4-opencode-1.4.3",
              "default": true
            }
          ],
          "store_path": "/nix/store/fk6j6yx65l1v91wb3ks5dqldabl74cp4-opencode-1.4.3"
        }
      }
    }
  }
}
